{
  "name": "weba11y",
  "lockfileVersion": 3,
  "requires": true,
  "packages": {
    "": {
      "dependencies": {
        "valibot": "^0.24.1"
      }
    },
    "node_modules/valibot": {
      "version": "0.24.1",
      "resolved": "https://registry.npmjs.org/valibot/-/valibot-0.24.1.tgz",
      "integrity": "sha512-Toclbuy20XsECZiueh2dkQ63he2AGaBIj/FJRDAFti2kueFldm9bjJzSYvPaL5CE1HXDMRhq7olak8at7xCz5A=="
    }
  }
}
